# Generated by pub
# See http://pub.dartlang.org/doc/glossary.html#lockfile
packages:
  _discoveryapis_commons:
    description:
      name: _discoveryapis_commons
      url: "https://pub.dartlang.org"
    source: hosted
    version: "0.1.4"
  analyzer:
    description:
      name: analyzer
      url: "https://pub.dartlang.org"
    source: hosted
    version: "0.30.0+2"
  angel_auth:
    description:
      name: angel_auth
      url: "https://pub.dartlang.org"
    source: hosted
    version: "1.0.5"
  angel_auth_google:
    description:
      name: angel_auth_google
      url: "https://pub.dartlang.org"
    source: hosted
    version: "1.0.0+1"
  angel_client:
    description:
      name: angel_client
      url: "https://pub.dartlang.org"
    source: hosted
    version: "1.0.7"
  angel_common:
    description:
      name: angel_common
      url: "https://pub.dartlang.org"
    source: hosted
    version: "1.0.0"
  angel_compress:
    description:
      name: angel_compress
      url: "https://pub.dartlang.org"
    source: hosted
    version: "1.0.0+2"
  angel_configuration:
    description:
      name: angel_configuration
      url: "https://pub.dartlang.org"
    source: hosted
    version: "1.0.4"
  angel_cors:
    description:
      name: angel_cors
      url: "https://pub.dartlang.org"
    source: hosted
    version: "1.0.0+1"
  angel_diagnostics:
    description:
      name: angel_diagnostics
      url: "https://pub.dartlang.org"
    source: hosted
    version: "1.0.2"
  angel_errors:
    description:
      name: angel_errors
      url: "https://pub.dartlang.org"
    source: hosted
    version: "1.0.0"
  angel_file_security:
    description:
      name: angel_file_security
      url: "https://pub.dartlang.org"
    source: hosted
    version: "1.0.1"
  angel_framework:
    description:
      name: angel_framework
      url: "https://pub.dartlang.org"
    source: hosted
    version: "1.0.7+1"
  angel_hot:
    description:
      name: angel_hot
      url: "https://pub.dartlang.org"
    source: hosted
    version: "1.0.1"
  angel_model:
    description:
      name: angel_model
      url: "https://pub.dartlang.org"
    source: hosted
    version: "1.0.0"
  angel_mongo:
    description:
      name: angel_mongo
      url: "https://pub.dartlang.org"
    source: hosted
    version: "1.1.6"
  angel_multiserver:
    description:
      name: angel_multiserver
      url: "https://pub.dartlang.org"
    source: hosted
    version: "1.0.9"
  angel_mustache:
    description:
      name: angel_mustache
      url: "https://pub.dartlang.org"
    source: hosted
    version: "1.0.3"
  angel_proxy:
    description:
      name: angel_proxy
      url: "https://pub.dartlang.org"
    source: hosted
    version: "1.0.8"
  angel_relations:
    description:
      name: angel_relations
      url: "https://pub.dartlang.org"
    source: hosted
    version: "1.0.1"
  angel_route:
    description:
      name: angel_route
      url: "https://pub.dartlang.org"
    source: hosted
    version: "1.0.4"
  angel_security:
    description:
      name: angel_security
      url: "https://pub.dartlang.org"
    source: hosted
    version: "1.0.2"
  angel_seeder:
    description:
      name: angel_seeder
      url: "https://pub.dartlang.org"
    source: hosted
    version: "1.0.1"
  angel_serialize:
    description:
      name: angel_serialize
      url: "https://pub.dartlang.org"
    source: hosted
    version: "1.0.0-alpha+1"
  angel_static:
    description:
      name: angel_static
      url: "https://pub.dartlang.org"
    source: hosted
    version: "1.2.4"
  angel_test:
    description:
      name: angel_test
      url: "https://pub.dartlang.org"
    source: hosted
    version: "1.0.6"
  angel_validate:
    description:
      name: angel_validate
      url: "https://pub.dartlang.org"
    source: hosted
    version: "1.0.2+4"
  angel_websocket:
    description:
      name: angel_websocket
      url: "https://pub.dartlang.org"
    source: hosted
    version: "1.0.8"
  ansicolor:
    description:
      name: ansicolor
      url: "https://pub.dartlang.org"
    source: hosted
    version: "0.0.9"
  args:
    description:
      name: args
      url: "https://pub.dartlang.org"
    source: hosted
    version: "0.13.7"
  async:
    description:
      name: async
      url: "https://pub.dartlang.org"
    source: hosted
    version: "1.13.3"
  barback:
    description:
      name: barback
      url: "https://pub.dartlang.org"
    source: hosted
    version: "0.15.2+11"
  body_parser:
    description:
      name: body_parser
      url: "https://pub.dartlang.org"
    source: hosted
    version: "1.0.2"
  boolean_selector:
    description:
      name: boolean_selector
      url: "https://pub.dartlang.org"
    source: hosted
    version: "1.0.2"
  bson:
    description:
      name: bson
      url: "https://pub.dartlang.org"
    source: hosted
    version: "0.2.0"
  charcode:
    description:
      name: charcode
      url: "https://pub.dartlang.org"
    source: hosted
    version: "1.1.1"
  cli_util:
    description:
      name: cli_util
      url: "https://pub.dartlang.org"
    source: hosted
    version: "0.1.2"
  collection:
    description:
      name: collection
      url: "https://pub.dartlang.org"
    source: hosted
    version: "1.14.3"
  common:
    description:
      path: "..\\common"
      relative: true
    source: path
    version: "0.0.0"
  console:
    description:
      name: console
      url: "https://pub.dartlang.org"
    source: hosted
    version: "2.2.4"
  container:
    description:
      name: container
      url: "https://pub.dartlang.org"
    source: hosted
    version: "0.1.2"
  convert:
    description:
      name: convert
      url: "https://pub.dartlang.org"
    source: hosted
    version: "2.0.1"
  crypto:
    description:
      name: crypto
      url: "https://pub.dartlang.org"
    source: hosted
    version: "2.0.2"
  csslib:
    description:
      name: csslib
      url: "https://pub.dartlang.org"
    source: hosted
    version: "0.14.0"
  dotenv:
    description:
      name: dotenv
      url: "https://pub.dartlang.org"
    source: hosted
    version: "0.1.3+3"
  faker:
    description:
      name: faker
      url: "https://pub.dartlang.org"
    source: hosted
    version: "0.0.5"
  fixnum:
    description:
      name: fixnum
      url: "https://pub.dartlang.org"
    source: hosted
    version: "0.10.6"
  flatten:
    description:
      name: flatten
      url: "https://pub.dartlang.org"
    source: hosted
    version: "1.0.0"
  fnx_profiler:
    description:
      name: fnx_profiler
      url: "https://pub.dartlang.org"
    source: hosted
    version: "0.9.1"
  front_end:
    description:
      name: front_end
      url: "https://pub.dartlang.org"
    source: hosted
    version: "0.1.0-alpha.4"
  glob:
    description:
      name: glob
      url: "https://pub.dartlang.org"
    source: hosted
    version: "1.1.3"
  googleapis:
    description:
      name: googleapis
      url: "https://pub.dartlang.org"
    source: hosted
    version: "0.32.0"
  googleapis_auth:
    description:
      name: googleapis_auth
      url: "https://pub.dartlang.org"
    source: hosted
    version: "0.2.3+6"
  grinder:
    description:
      name: grinder
      url: "https://pub.dartlang.org"
    source: hosted
    version: "0.8.0+3"
  html:
    description:
      name: html
      url: "https://pub.dartlang.org"
    source: hosted
    version: "0.13.2"
  html_builder:
    description:
      name: html_builder
      url: "https://pub.dartlang.org"
    source: hosted
    version: "1.0.1"
  http:
    description:
      name: http
      url: "https://pub.dartlang.org"
    source: hosted
    version: "0.11.3+14"
  http_multi_server:
    description:
      name: http_multi_server
      url: "https://pub.dartlang.org"
    source: hosted
    version: "2.0.3"
  http_parser:
    description:
      name: http_parser
      url: "https://pub.dartlang.org"
    source: hosted
    version: "3.1.1"
  http_server:
    description:
      name: http_server
      url: "https://pub.dartlang.org"
    source: hosted
    version: "0.9.6"
  intl:
    description:
      name: intl
      url: "https://pub.dartlang.org"
    source: hosted
    version: "0.15.0"
  isolate:
    description:
      name: isolate
      url: "https://pub.dartlang.org"
    source: hosted
    version: "1.0.0"
  js:
    description:
      name: js
      url: "https://pub.dartlang.org"
    source: hosted
    version: "0.6.1"
  json_god:
    description:
      name: json_god
      url: "https://pub.dartlang.org"
    source: hosted
    version: "2.0.0-beta+1"
  json_rpc_2:
    description:
      name: json_rpc_2
      url: "https://pub.dartlang.org"
    source: hosted
    version: "2.0.4"
  kernel:
    description:
      name: kernel
      url: "https://pub.dartlang.org"
    source: hosted
    version: "0.3.0-alpha.1"
  logging:
    description:
      name: logging
      url: "https://pub.dartlang.org"
    source: hosted
    version: "0.11.3+1"
  matcher:
    description:
      name: matcher
      url: "https://pub.dartlang.org"
    source: hosted
    version: "0.12.1+1"
  memcached_client:
    description:
      name: memcached_client
      url: "https://pub.dartlang.org"
    source: hosted
    version: "0.5.3"
  merge_map:
    description:
      name: merge_map
      url: "https://pub.dartlang.org"
    source: hosted
    version: "1.0.0"
  meta:
    description:
      name: meta
      url: "https://pub.dartlang.org"
    source: hosted
    version: "1.1.1"
  mime:
    description:
      name: mime
      url: "https://pub.dartlang.org"
    source: hosted
    version: "0.9.3"
  mock_request:
    description:
      name: mock_request
      url: "https://pub.dartlang.org"
    source: hosted
    version: "1.0.2"
  mockable_filesystem:
    description:
      name: mockable_filesystem
      url: "https://pub.dartlang.org"
    source: hosted
    version: "0.0.3"
  mongo_dart:
    description:
      name: mongo_dart
      url: "https://pub.dartlang.org"
    source: hosted
    version: "0.2.10"
  mongo_dart_query:
    description:
      name: mongo_dart_query
      url: "https://pub.dartlang.org"
    source: hosted
    version: "0.2.2"
  more:
    description:
      name: more
      url: "https://pub.dartlang.org"
    source: hosted
    version: "1.6.0"
  mustache4dart:
    description:
      name: mustache4dart
      url: "https://pub.dartlang.org"
    source: hosted
    version: "1.1.0"
  node_preamble:
    description:
      name: node_preamble
      url: "https://pub.dartlang.org"
    source: hosted
    version: "1.4.0"
  package_config:
    description:
      name: package_config
      url: "https://pub.dartlang.org"
    source: hosted
    version: "1.0.2"
  package_resolver:
    description:
      name: package_resolver
      url: "https://pub.dartlang.org"
    source: hosted
    version: "1.0.2"
  path:
    description:
      name: path
      url: "https://pub.dartlang.org"
    source: hosted
    version: "1.4.2"
  plugin:
    description:
      name: plugin
      url: "https://pub.dartlang.org"
    source: hosted
    version: "0.2.0+1"
  pool:
    description:
      name: pool
      url: "https://pub.dartlang.org"
    source: hosted
    version: "1.3.1"
  pub_semver:
    description:
      name: pub_semver
      url: "https://pub.dartlang.org"
    source: hosted
    version: "1.3.2"
  quiver:
    description:
      name: quiver
      url: "https://pub.dartlang.org"
    source: hosted
    version: "0.22.0"
  random_string:
    description:
      name: random_string
      url: "https://pub.dartlang.org"
    source: hosted
    version: "0.0.1"
  redis_client:
    description:
      name: redis_client
      url: "https://pub.dartlang.org"
    source: hosted
    version: "0.1.16"
  shelf:
    description:
      name: shelf
      url: "https://pub.dartlang.org"
    source: hosted
    version: "0.6.8"
  shelf_packages_handler:
    description:
      name: shelf_packages_handler
      url: "https://pub.dartlang.org"
    source: hosted
    version: "1.0.0"
  shelf_static:
    description:
      name: shelf_static
      url: "https://pub.dartlang.org"
    source: hosted
    version: "0.2.5"
  shelf_web_socket:
    description:
      name: shelf_web_socket
      url: "https://pub.dartlang.org"
    source: hosted
    version: "0.2.1"
  source_map_stack_trace:
    description:
      name: source_map_stack_trace
      url: "https://pub.dartlang.org"
    source: hosted
    version: "1.1.4"
  source_maps:
    description:
      name: source_maps
      url: "https://pub.dartlang.org"
    source: hosted
    version: "0.10.4"
  source_span:
    description:
      name: source_span
      url: "https://pub.dartlang.org"
    source: hosted
    version: "1.4.0"
  stack_trace:
    description:
      name: stack_trace
      url: "https://pub.dartlang.org"
    source: hosted
    version: "1.8.0"
  stream_channel:
    description:
      name: stream_channel
      url: "https://pub.dartlang.org"
    source: hosted
    version: "1.6.1"
  string_scanner:
    description:
      name: string_scanner
      url: "https://pub.dartlang.org"
    source: hosted
    version: "1.0.2"
  supports_color:
    description:
      name: supports_color
      url: "https://pub.dartlang.org"
    source: hosted
    version: "0.1.1"
  term_glyph:
    description:
      name: term_glyph
      url: "https://pub.dartlang.org"
    source: hosted
    version: "1.0.0"
  test:
    description:
      name: test
      url: "https://pub.dartlang.org"
    source: hosted
    version: "0.12.24"
  typed_data:
    description:
      name: typed_data
      url: "https://pub.dartlang.org"
    source: hosted
    version: "1.1.3"
  unscripted:
    description:
      name: unscripted
      url: "https://pub.dartlang.org"
    source: hosted
    version: "0.6.2"
  utf:
    description:
      name: utf
      url: "https://pub.dartlang.org"
    source: hosted
    version: "0.9.0+3"
  uuid:
    description:
      name: uuid
      url: "https://pub.dartlang.org"
    source: hosted
    version: "0.5.3"
  vector_math:
    description:
      name: vector_math
      url: "https://pub.dartlang.org"
    source: hosted
    version: "1.4.7"
  vm_service_client:
    description:
      ref: reload_sources_poc
      resolved-ref: f607e69ef7c34e5503ff92719b7a96a390c6cdf2
      url: "git://github.com/BlackHC/vm_service_client.git"
    source: git
    version: "0.2.4"
  watcher:
    description:
      name: watcher
      url: "https://pub.dartlang.org"
    source: hosted
    version: "0.9.7+3"
  web_socket_channel:
    description:
      name: web_socket_channel
      url: "https://pub.dartlang.org"
    source: hosted
    version: "1.0.4"
  yaml:
    description:
      name: yaml
      url: "https://pub.dartlang.org"
    source: hosted
    version: "2.1.12"
sdks:
  dart: ">=1.23.0 <2.0.0-dev.infinity"
